
Microsoft Visual Studio Solution File, Format Version 12.00
# Visual Studio Version 17
VisualStudioVersion = 17.1.32228.430
MinimumVisualStudioVersion = 10.0.40219.1
Project("{FAE04EC0-301F-11D3-BF4B-00C04F79EFBC}") = "GT_Common", "GT_Common\GT_Common.csproj", "{28369A6E-46FA-41B6-893A-6D970A890047}"
EndProject
Project("{FAE04EC0-301F-11D3-BF4B-00C04F79EFBC}") = "OP010", "OP010\OP010.csproj", "{4D799FB0-F6D3-49E6-81A2-F03F0E6D8BF1}"
EndProject
Project("{FAE04EC0-301F-11D3-BF4B-00C04F79EFBC}") = "OP080", "OP080\OP080.csproj", "{B621746E-9FA0-4717-BA73-0D7CE5021703}"
EndProject
Project("{FAE04EC0-301F-11D3-BF4B-00C04F79EFBC}") = "OP060", "OP060\OP060.csproj", "{A6E30245-EC10-4003-8382-15C5B2B5EE3A}"
EndProject
Project("{FAE04EC0-301F-11D3-BF4B-00C04F79EFBC}") = "OP070", "OP070\OP070.csproj", "{84BBFD74-F078-4B9F-ACBA-4898CE4CC566}"
EndProject
Project("{FAE04EC0-301F-11D3-BF4B-00C04F79EFBC}") = "OP020", "OP020\OP020.csproj", "{E68FA2F3-6DDA-4826-88C1-574A9D182C9B}"
EndProject
Project("{FAE04EC0-301F-11D3-BF4B-00C04F79EFBC}") = "OP030", "OP030\OP030.csproj", "{84CD3B3F-8589-43EC-9EDC-FD7C3099D9C8}"
EndProject
Project("{FAE04EC0-301F-11D3-BF4B-00C04F79EFBC}") = "OP040", "OP040\OP040.csproj", "{A2502E2B-83D7-46B0-8AB9-A44D31C97987}"
EndProject
Project("{FAE04EC0-301F-11D3-BF4B-00C04F79EFBC}") = "OP050", "OP050\OP050.csproj", "{E8A0FA71-C6F3-4A0B-AB10-B2DF1BB58C58}"
EndProject
Project("{FAE04EC0-301F-11D3-BF4B-00C04F79EFBC}") = "OP090", "OP090\OP090.csproj", "{3CC68EE0-4B6A-401F-A320-DDAA8C069B9C}"
EndProject
Project("{FAE04EC0-301F-11D3-BF4B-00C04F79EFBC}") = "OP100", "OP100\OP100.csproj", "{4135A4E2-16A6-413A-A2CC-2A703EEE5B8F}"
EndProject
Project("{FAE04EC0-301F-11D3-BF4B-00C04F79EFBC}") = "OP110", "OP110\OP110.csproj", "{FDC23859-CF0F-4236-8CCF-0AF22AD43652}"
EndProject
Project("{FAE04EC0-301F-11D3-BF4B-00C04F79EFBC}") = "OP120", "OP120\OP120.csproj", "{95F360EF-B0BB-4B56-A826-1232935E57B0}"
EndProject
Project("{2150E333-8FDC-42A3-9474-1A3956D46DE8}") = "解决方案项", "解决方案项", "{9FA3D6BD-1EC1-3BA5-80CB-CE02773A58D5}"
	ProjectSection(SolutionItems) = preProject
		.gitignore = .gitignore
	EndProjectSection
EndProject
Global
	GlobalSection(SolutionConfigurationPlatforms) = preSolution
		Debug|Any CPU = Debug|Any CPU
		Release|Any CPU = Release|Any CPU
	EndGlobalSection
	GlobalSection(ProjectConfigurationPlatforms) = postSolution
		{28369A6E-46FA-41B6-893A-6D970A890047}.Debug|Any CPU.ActiveCfg = Debug|Any CPU
		{28369A6E-46FA-41B6-893A-6D970A890047}.Debug|Any CPU.Build.0 = Debug|Any CPU
		{28369A6E-46FA-41B6-893A-6D970A890047}.Release|Any CPU.ActiveCfg = Release|Any CPU
		{28369A6E-46FA-41B6-893A-6D970A890047}.Release|Any CPU.Build.0 = Release|Any CPU
		{4D799FB0-F6D3-49E6-81A2-F03F0E6D8BF1}.Debug|Any CPU.ActiveCfg = Debug|Any CPU
		{4D799FB0-F6D3-49E6-81A2-F03F0E6D8BF1}.Debug|Any CPU.Build.0 = Debug|Any CPU
		{4D799FB0-F6D3-49E6-81A2-F03F0E6D8BF1}.Release|Any CPU.ActiveCfg = Release|Any CPU
		{4D799FB0-F6D3-49E6-81A2-F03F0E6D8BF1}.Release|Any CPU.Build.0 = Release|Any CPU
		{B621746E-9FA0-4717-BA73-0D7CE5021703}.Debug|Any CPU.ActiveCfg = Debug|Any CPU
		{B621746E-9FA0-4717-BA73-0D7CE5021703}.Debug|Any CPU.Build.0 = Debug|Any CPU
		{B621746E-9FA0-4717-BA73-0D7CE5021703}.Release|Any CPU.ActiveCfg = Release|Any CPU
		{B621746E-9FA0-4717-BA73-0D7CE5021703}.Release|Any CPU.Build.0 = Release|Any CPU
		{A6E30245-EC10-4003-8382-15C5B2B5EE3A}.Debug|Any CPU.ActiveCfg = Debug|Any CPU
		{A6E30245-EC10-4003-8382-15C5B2B5EE3A}.Debug|Any CPU.Build.0 = Debug|Any CPU
		{A6E30245-EC10-4003-8382-15C5B2B5EE3A}.Release|Any CPU.ActiveCfg = Release|Any CPU
		{A6E30245-EC10-4003-8382-15C5B2B5EE3A}.Release|Any CPU.Build.0 = Release|Any CPU
		{84BBFD74-F078-4B9F-ACBA-4898CE4CC566}.Debug|Any CPU.ActiveCfg = Debug|Any CPU
		{84BBFD74-F078-4B9F-ACBA-4898CE4CC566}.Debug|Any CPU.Build.0 = Debug|Any CPU
		{84BBFD74-F078-4B9F-ACBA-4898CE4CC566}.Release|Any CPU.ActiveCfg = Release|Any CPU
		{84BBFD74-F078-4B9F-ACBA-4898CE4CC566}.Release|Any CPU.Build.0 = Release|Any CPU
		{E68FA2F3-6DDA-4826-88C1-574A9D182C9B}.Debug|Any CPU.ActiveCfg = Debug|Any CPU
		{E68FA2F3-6DDA-4826-88C1-574A9D182C9B}.Debug|Any CPU.Build.0 = Debug|Any CPU
		{E68FA2F3-6DDA-4826-88C1-574A9D182C9B}.Release|Any CPU.ActiveCfg = Release|Any CPU
		{E68FA2F3-6DDA-4826-88C1-574A9D182C9B}.Release|Any CPU.Build.0 = Release|Any CPU
		{84CD3B3F-8589-43EC-9EDC-FD7C3099D9C8}.Debug|Any CPU.ActiveCfg = Debug|Any CPU
		{84CD3B3F-8589-43EC-9EDC-FD7C3099D9C8}.Debug|Any CPU.Build.0 = Debug|Any CPU
		{84CD3B3F-8589-43EC-9EDC-FD7C3099D9C8}.Release|Any CPU.ActiveCfg = Release|Any CPU
		{84CD3B3F-8589-43EC-9EDC-FD7C3099D9C8}.Release|Any CPU.Build.0 = Release|Any CPU
		{A2502E2B-83D7-46B0-8AB9-A44D31C97987}.Debug|Any CPU.ActiveCfg = Debug|Any CPU
		{A2502E2B-83D7-46B0-8AB9-A44D31C97987}.Debug|Any CPU.Build.0 = Debug|Any CPU
		{A2502E2B-83D7-46B0-8AB9-A44D31C97987}.Release|Any CPU.ActiveCfg = Release|Any CPU
		{A2502E2B-83D7-46B0-8AB9-A44D31C97987}.Release|Any CPU.Build.0 = Release|Any CPU
		{E8A0FA71-C6F3-4A0B-AB10-B2DF1BB58C58}.Debug|Any CPU.ActiveCfg = Debug|Any CPU
		{E8A0FA71-C6F3-4A0B-AB10-B2DF1BB58C58}.Debug|Any CPU.Build.0 = Debug|Any CPU
		{E8A0FA71-C6F3-4A0B-AB10-B2DF1BB58C58}.Release|Any CPU.ActiveCfg = Release|Any CPU
		{E8A0FA71-C6F3-4A0B-AB10-B2DF1BB58C58}.Release|Any CPU.Build.0 = Release|Any CPU
		{3CC68EE0-4B6A-401F-A320-DDAA8C069B9C}.Debug|Any CPU.ActiveCfg = Debug|Any CPU
		{3CC68EE0-4B6A-401F-A320-DDAA8C069B9C}.Debug|Any CPU.Build.0 = Debug|Any CPU
		{3CC68EE0-4B6A-401F-A320-DDAA8C069B9C}.Release|Any CPU.ActiveCfg = Release|Any CPU
		{3CC68EE0-4B6A-401F-A320-DDAA8C069B9C}.Release|Any CPU.Build.0 = Release|Any CPU
		{4135A4E2-16A6-413A-A2CC-2A703EEE5B8F}.Debug|Any CPU.ActiveCfg = Debug|Any CPU
		{4135A4E2-16A6-413A-A2CC-2A703EEE5B8F}.Debug|Any CPU.Build.0 = Debug|Any CPU
		{4135A4E2-16A6-413A-A2CC-2A703EEE5B8F}.Release|Any CPU.ActiveCfg = Release|Any CPU
		{4135A4E2-16A6-413A-A2CC-2A703EEE5B8F}.Release|Any CPU.Build.0 = Release|Any CPU
		{FDC23859-CF0F-4236-8CCF-0AF22AD43652}.Debug|Any CPU.ActiveCfg = Debug|Any CPU
		{FDC23859-CF0F-4236-8CCF-0AF22AD43652}.Debug|Any CPU.Build.0 = Debug|Any CPU
		{FDC23859-CF0F-4236-8CCF-0AF22AD43652}.Release|Any CPU.ActiveCfg = Release|Any CPU
		{FDC23859-CF0F-4236-8CCF-0AF22AD43652}.Release|Any CPU.Build.0 = Release|Any CPU
		{95F360EF-B0BB-4B56-A826-1232935E57B0}.Debug|Any CPU.ActiveCfg = Debug|Any CPU
		{95F360EF-B0BB-4B56-A826-1232935E57B0}.Debug|Any CPU.Build.0 = Debug|Any CPU
		{95F360EF-B0BB-4B56-A826-1232935E57B0}.Release|Any CPU.ActiveCfg = Release|Any CPU
		{95F360EF-B0BB-4B56-A826-1232935E57B0}.Release|Any CPU.Build.0 = Release|Any CPU
	EndGlobalSection
	GlobalSection(SolutionProperties) = preSolution
		HideSolutionNode = FALSE
	EndGlobalSection
	GlobalSection(ExtensibilityGlobals) = postSolution
		SolutionGuid = {4EED06E8-477C-4D92-956F-9EF27BD43C5B}
	EndGlobalSection
EndGlobal
